// !$*UTF8*$!
{
	archiveVersion = 1;
	classes = {
	};
	objectVersion = 46;
	objects = {

/* Begin PBXBuildFile section */
		4102E7AB1C5E64C0002D4E6D /* EndScene.swift in Sources */ = {isa = PBXBuildFile; fileRef = 4102E7AA1C5E64C0002D4E6D /* EndScene.swift */; };
		41BAC2C11C5CF93300BBB612 /* AppDelegate.swift in Sources */ = {isa = PBXBuildFile; fileRef = 41BAC2C01C5CF93300BBB612 /* AppDelegate.swift */; };
		41BAC2C31C5CF93300BBB612 /* GameScene.sks in Resources */ = {isa = PBXBuildFile; fileRef = 41BAC2C21C5CF93300BBB612 /* GameScene.sks */; };
		41BAC2C51C5CF93300BBB612 /* GameScene.swift in Sources */ = {isa = PBXBuildFile; fileRef = 41BAC2C41C5CF93300BBB612 /* GameScene.swift */; };
		41BAC2C71C5CF93300BBB612 /* GameViewController.swift in Sources */ = {isa = PBXBuildFile; fileRef = 41BAC2C61C5CF93300BBB612 /* GameViewController.swift */; };
		41BAC2CA1C5CF93300BBB612 /* Main.storyboard in Resources */ = {isa = PBXBuildFile; fileRef = 41BAC2C81C5CF93300BBB612 /* Main.storyboard */; };
		41BAC2CC1C5CF93300BBB612 /* Assets.xcassets in Resources */ = {isa = PBXBuildFile; fileRef = 41BAC2CB1C5CF93300BBB612 /* Assets.xcassets */; };
		41BAC2CF1C5CF93300BBB612 /* LaunchScreen.storyboard in Resources */ = {isa = PBXBuildFile; fileRef = 41BAC2CD1C5CF93300BBB612 /* LaunchScreen.storyboard */; };
		41BAC2E81C5CFD5B00BBB612 /* Sprite.swift in Sources */ = {isa = PBXBuildFile; fileRef = 41BAC2E71C5CFD5B00BBB612 /* Sprite.swift */; };
		41BAC2F11C5D460B00BBB612 /* a.wav in Resources */ = {isa = PBXBuildFile; fileRef = 41BAC2E91C5D460B00BBB612 /* a.wav */; };
		41BAC2F21C5D460B00BBB612 /* b.wav in Resources */ = {isa = PBXBuildFile; fileRef = 41BAC2EA1C5D460B00BBB612 /* b.wav */; };
		41BAC2F31C5D460B00BBB612 /* c note.wav in Resources */ = {isa = PBXBuildFile; fileRef = 41BAC2EB1C5D460B00BBB612 /* c note.wav */; };
		41BAC2F41C5D460B00BBB612 /* c octv.wav in Resources */ = {isa = PBXBuildFile; fileRef = 41BAC2EC1C5D460B00BBB612 /* c octv.wav */; };
		41BAC2F51C5D460B00BBB612 /* d.wav in Resources */ = {isa = PBXBuildFile; fileRef = 41BAC2ED1C5D460B00BBB612 /* d.wav */; };
		41BAC2F61C5D460B00BBB612 /* e.wav in Resources */ = {isa = PBXBuildFile; fileRef = 41BAC2EE1C5D460B00BBB612 /* e.wav */; };
		41BAC2F71C5D460B00BBB612 /* f.wav in Resources */ = {isa = PBXBuildFile; fileRef = 41BAC2EF1C5D460B00BBB612 /* f.wav */; };
		41BAC2F81C5D460B00BBB612 /* g.wav in Resources */ = {isa = PBXBuildFile; fileRef = 41BAC2F01C5D460B00BBB612 /* g.wav */; };
		41BAC2FA1C5D8DA300BBB612 /* SubstrExt.swift in Sources */ = {isa = PBXBuildFile; fileRef = 41BAC2F91C5D8DA300BBB612 /* SubstrExt.swift */; };
/* End PBXBuildFile section */

/* Begin PBXFileReference section */
		4102E7AA1C5E64C0002D4E6D /* EndScene.swift */ = {isa = PBXFileReference; fileEncoding = 4; lastKnownFileType = sourcecode.swift; path = EndScene.swift; sourceTree = "<group>"; };
		41BAC2BD1C5CF93300BBB612 /* ritualgame.app */ = {isa = PBXFileReference; explicitFileType = wrapper.application; includeInIndex = 0; path = ritualgame.app; sourceTree = BUILT_PRODUCTS_DIR; };
		41BAC2C01C5CF93300BBB612 /* AppDelegate.swift */ = {isa = PBXFileReference; lastKnownFileType = sourcecode.swift; path = AppDelegate.swift; sourceTree = "<group>"; };
		41BAC2C21C5CF93300BBB612 /* GameScene.sks */ = {isa = PBXFileReference; lastKnownFileType = file.sks; path = GameScene.sks; sourceTree = "<group>"; };
		41BAC2C41C5CF93300BBB612 /* GameScene.swift */ = {isa = PBXFileReference; lastKnownFileType = sourcecode.swift; path = GameScene.swift; sourceTree = "<group>"; };
		41BAC2C61C5CF93300BBB612 /* GameViewController.swift */ = {isa = PBXFileReference; lastKnownFileType = sourcecode.swift; path = GameViewController.swift; sourceTree = "<group>"; };
		41BAC2C91C5CF93300BBB612 /* Base */ = {isa = PBXFileReference; lastKnownFileType = file.storyboard; name = Base; path = Base.lproj/Main.storyboard; sourceTree = "<group>"; };
		41BAC2CB1C5CF93300BBB612 /* Assets.xcassets */ = {isa = PBXFileReference; lastKnownFileType = folder.assetcatalog; path = Assets.xcassets; sourceTree = "<group>"; };
		41BAC2CE1C5CF93300BBB612 /* Base */ = {isa = PBXFileReference; lastKnownFileType = file.storyboard; name = Base; path = Base.lproj/LaunchScreen.storyboard; sourceTree = "<group>"; };
		41BAC2D01C5CF93300BBB612 /* Info.plist */ = {isa = PBXFileReference; lastKnownFileType = text.plist.xml; path = Info.plist; sourceTree = "<group>"; };
		41BAC2E71C5CFD5B00BBB612 /* Sprite.swift */ = {isa = PBXFileReference; fileEncoding = 4; lastKnownFileType = sourcecode.swift; path = Sprite.swift; sourceTree = "<group>"; };
		41BAC2E91C5D460B00BBB612 /* a.wav */ = {isa = PBXFileReference; lastKnownFileType = audio.wav; path = a.wav; sourceTree = "<group>"; };
		41BAC2EA1C5D460B00BBB612 /* b.wav */ = {isa = PBXFileReference; lastKnownFileType = audio.wav; path = b.wav; sourceTree = "<group>"; };
		41BAC2EB1C5D460B00BBB612 /* c note.wav */ = {isa = PBXFileReference; lastKnownFileType = audio.wav; path = "c note.wav"; sourceTree = "<group>"; };
		41BAC2EC1C5D460B00BBB612 /* c octv.wav */ = {isa = PBXFileReference; lastKnownFileType = audio.wav; path = "c octv.wav"; sourceTree = "<group>"; };
		41BAC2ED1C5D460B00BBB612 /* d.wav */ = {isa = PBXFileReference; lastKnownFileType = audio.wav; path = d.wav; sourceTree = "<group>"; };
		41BAC2EE1C5D460B00BBB612 /* e.wav */ = {isa = PBXFileReference; lastKnownFileType = audio.wav; path = e.wav; sourceTree = "<group>"; };
		41BAC2EF1C5D460B00BBB612 /* f.wav */ = {isa = PBXFileReference; lastKnownFileType = audio.wav; path = f.wav; sourceTree = "<group>"; };
		41BAC2F01C5D460B00BBB612 /* g.wav */ = {isa = PBXFileReference; lastKnownFileType = audio.wav; path = g.wav; sourceTree = "<group>"; };
		41BAC2F91C5D8DA300BBB612 /* SubstrExt.swift */ = {isa = PBXFileReference; fileEncoding = 4; lastKnownFileType = sourcecode.swift; path = SubstrExt.swift; sourceTree = "<group>"; };
/* End PBXFileReference section */

/* Begin PBXFrameworksBuildPhase section */
		41BAC2BA1C5CF93300BBB612 /* Frameworks */ = {
			isa = PBXFrameworksBuildPhase;
			buildActionMask = 2147483647;
			files = (
			);
			runOnlyForDeploymentPostprocessing = 0;
		};
/* End PBXFrameworksBuildPhase section */

/* Begin PBXGroup section */
		41BAC2B41C5CF93300BBB612 = {
			isa = PBXGroup;
			children = (
				41BAC2BF1C5CF93300BBB612 /* ritualgame */,
				41BAC2BE1C5CF93300BBB612 /* Products */,
			);
			sourceTree = "<group>";
		};
		41BAC2BE1C5CF93300BBB612 /* Products */ = {
			isa = PBXGroup;
			children = (
				41BAC2BD1C5CF93300BBB612 /* ritualgame.app */,
			);
			name = Products;
			sourceTree = "<group>";
		};
		41BAC2BF1C5CF93300BBB612 /* ritualgame */ = {
			isa = PBXGroup;
			children = (
				41BAC2C41C5CF93300BBB612 /* GameScene.swift */,
				4102E7AA1C5E64C0002D4E6D /* EndScene.swift */,
				41BAC2E71C5CFD5B00BBB612 /* Sprite.swift */,
				41BAC2F91C5D8DA300BBB612 /* SubstrExt.swift */,
				41BAC2C01C5CF93300BBB612 /* AppDelegate.swift */,
				41BAC2C21C5CF93300BBB612 /* GameScene.sks */,
				41BAC2C61C5CF93300BBB612 /* GameViewController.swift */,
				41BAC2C81C5CF93300BBB612 /* Main.storyboard */,
				41BAC2CD1C5CF93300BBB612 /* LaunchScreen.storyboard */,
				41BAC2D01C5CF93300BBB612 /* Info.plist */,
				41BAC2CB1C5CF93300BBB612 /* Assets.xcassets */,
				41BAC2D61C5CFBA500BBB612 /* Sounds */,
			);
			path = ritualgame;
			sourceTree = "<group>";
		};
		41BAC2D61C5CFBA500BBB612 /* Sounds */ = {
			isa = PBXGroup;
			children = (
				41BAC2E91C5D460B00BBB612 /* a.wav */,
				41BAC2EA1C5D460B00BBB612 /* b.wav */,
				41BAC2EB1C5D460B00BBB612 /* c note.wav */,
				41BAC2EC1C5D460B00BBB612 /* c octv.wav */,
				41BAC2ED1C5D460B00BBB612 /* d.wav */,
				41BAC2EE1C5D460B00BBB612 /* e.wav */,
				41BAC2EF1C5D460B00BBB612 /* f.wav */,
				41BAC2F01C5D460B00BBB612 /* g.wav */,
			);
			name = Sounds;
			sourceTree = "<group>";
		};
/* End PBXGroup section */

/* Begin PBXNativeTarget section */
		41BAC2BC1C5CF93300BBB612 /* ritualgame */ = {
			isa = PBXNativeTarget;
			buildConfigurationList = 41BAC2D31C5CF93300BBB612 /* Build configuration list for PBXNativeTarget "ritualgame" */;
			buildPhases = (
				41BAC2B91C5CF93300BBB612 /* Sources */,
				41BAC2BA1C5CF93300BBB612 /* Frameworks */,
				41BAC2BB1C5CF93300BBB612 /* Resources */,
			);
			buildRules = (
			);
			dependencies = (
			);
			name = ritualgame;
			productName = ritualgame;
			productReference = 41BAC2BD1C5CF93300BBB612 /* ritualgame.app */;
			productType = "com.apple.product-type.application";
		};
/* End PBXNativeTarget section */

/* Begin PBXProject section */
		41BAC2B51C5CF93300BBB612 /* Project object */ = {
			isa = PBXProject;
			attributes = {
				LastSwiftUpdateCheck = 0720;
				LastUpgradeCheck = 0720;
				ORGANIZATIONNAME = "5to9 Studios";
				TargetAttributes = {
					41BAC2BC1C5CF93300BBB612 = {
						CreatedOnToolsVersion = 7.2;
						DevelopmentTeam = BQ9D43VRKA;
						LastSwiftMigration = 0800;
					};
				};
			};
			buildConfigurationList = 41BAC2B81C5CF93300BBB612 /* Build configuration list for PBXProject "ritualgame" */;
			compatibilityVersion = "Xcode 3.2";
			developmentRegion = English;
			hasScannedForEncodings = 0;
			knownRegions = (
				en,
				Base,
			);
			mainGroup = 41BAC2B41C5CF93300BBB612;
			productRefGroup = 41BAC2BE1C5CF93300BBB612 /* Products */;
			projectDirPath = "";
			projectRoot = "";
			targets = (
				41BAC2BC1C5CF93300BBB612 /* ritualgame */,
			);
		};
/* End PBXProject section */

/* Begin PBXResourcesBuildPhase section */
		41BAC2BB1C5CF93300BBB612 /* Resources */ = {
			isa = PBXResourcesBuildPhase;
			buildActionMask = 2147483647;
			files = (
				41BAC2F81C5D460B00BBB612 /* g.wav in Resources */,
				41BAC2F71C5D460B00BBB612 /* f.wav in Resources */,
				41BAC2C31C5CF93300BBB612 /* GameScene.sks in Resources */,
				41BAC2CF1C5CF93300BBB612 /* LaunchScreen.storyboard in Resources */,
				41BAC2CC1C5CF93300BBB612 /* Assets.xcassets in Resources */,
				41BAC2F51C5D460B00BBB612 /* d.wav in Resources */,
				41BAC2F31C5D460B00BBB612 /* c note.wav in Resources */,
				41BAC2F21C5D460B00BBB612 /* b.wav in Resources */,
				41BAC2F61C5D460B00BBB612 /* e.wav in Resources */,
				41BAC2F41C5D460B00BBB612 /* c octv.wav in Resources */,
				41BAC2CA1C5CF93300BBB612 /* Main.storyboard in Resources */,
				41BAC2F11C5D460B00BBB612 /* a.wav in Resources */,
			);
			runOnlyForDeploymentPostprocessing = 0;
		};
/* End PBXResourcesBuildPhase section */

/* Begin PBXSourcesBuildPhase section */
		41BAC2B91C5CF93300BBB612 /* Sources */ = {
			isa = PBXSourcesBuildPhase;
			buildActionMask = 2147483647;
			files = (
				4102E7AB1C5E64C0002D4E6D /* EndScene.swift in Sources */,
				41BAC2FA1C5D8DA300BBB612 /* SubstrExt.swift in Sources */,
				41BAC2C51C5CF93300BBB612 /* GameScene.swift in Sources */,
				41BAC2C71C5CF93300BBB612 /* GameViewController.swift in Sources */,
				41BAC2E81C5CFD5B00BBB612 /* Sprite.swift in Sources */,
				41BAC2C11C5CF93300BBB612 /* AppDelegate.swift in Sources */,
			);
			runOnlyForDeploymentPostprocessing = 0;
		};
/* End PBXSourcesBuildPhase section */

/* Begin PBXVariantGroup section */
		41BAC2C81C5CF93300BBB612 /* Main.storyboard */ = {
			isa = PBXVariantGroup;
			children = (
				41BAC2C91C5CF93300BBB612 /* Base */,
			);
			name = Main.storyboard;
			sourceTree = "<group>";
		};
		41BAC2CD1C5CF93300BBB612 /* LaunchScreen.storyboard */ = {
			isa = PBXVariantGroup;
			children = (
				41BAC2CE1C5CF93300BBB612 /* Base */,
			);
			name = LaunchScreen.storyboard;
			sourceTree = "<group>";
		};
/* End PBXVariantGroup section */

/* Begin XCBuildConfiguration section */
		41BAC2D11C5CF93300BBB612 /* Debug */ = {
			isa = XCBuildConfiguration;
			buildSettings = {
				ALWAYS_SEARCH_USER_PATHS = NO;
				CLANG_CXX_LANGUAGE_STANDARD = "gnu++0x";
				CLANG_CXX_LIBRARY = "libc++";
				CLANG_ENABLE_MODULES = YES;
				CLANG_ENABLE_OBJC_ARC = YES;
				CLANG_WARN_BOOL_CONVERSION = YES;
				CLANG_WARN_CONSTANT_CONVERSION = YES;
				CLANG_WARN_DIRECT_OBJC_ISA_USAGE = YES_ERROR;
				CLANG_WARN_EMPTY_BODY = YES;
				CLANG_WARN_ENUM_CONVERSION = YES;
				CLANG_WARN_INT_CONVERSION = YES;
				CLANG_WARN_OBJC_ROOT_CLASS = YES_ERROR;
				CLANG_WARN_UNREACHABLE_CODE = YES;
				CLANG_WARN__DUPLICATE_METHOD_MATCH = YES;
				"CODE_SIGN_IDENTITY[sdk=iphoneos*]" = "iPhone Developer";
				COPY_PHASE_STRIP = NO;
				DEBUG_INFORMATION_FORMAT = "dwarf-with-dsym";
				ENABLE_STRICT_OBJC_MSGSEND = YES;
				ENABLE_TESTABILITY = YES;
				GCC_C_LANGUAGE_STANDARD = gnu99;
				GCC_DYNAMIC_NO_PIC = NO;
				GCC_NO_COMMON_BLOCKS = YES;
				GCC_OPTIMIZATION_LEVEL = 0;
				GCC_PREPROCESSOR_DEFINITIONS = (
					"DEBUG=1",
					"$(inherited)",
				);
				GCC_WARN_64_TO_32_BIT_CONVERSION = YES;
				GCC_WARN_ABOUT_RETURN_TYPE = YES_ERROR;
				GCC_WARN_UNDECLARED_SELECTOR = YES;
				GCC_WARN_UNINITIALIZED_AUTOS = YES_AGGRESSIVE;
				GCC_WARN_UNUSED_FUNCTION = YES;
				GCC_WARN_UNUSED_VARIABLE = YES;
				IPHONEOS_DEPLOYMENT_TARGET = 9.2;
				MTL_ENABLE_DEBUG_INFO = YES;
				ONLY_ACTIVE_ARCH = YES;
				SDKROOT = iphoneos;
				SWIFT_OPTIMIZATION_LEVEL = "-Onone";
			};
			name = Debug;
		};
		41BAC2D21C5CF93300BBB612 /* Release */ = {
			isa = XCBuildConfiguration;
			buildSettings = {
				ALWAYS_SEARCH_USER_PATHS = NO;
				CLANG_CXX_LANGUAGE_STANDARD = "gnu++0x";
				CLANG_CXX_LIBRARY = "libc++";
				CLANG_ENABLE_MODULES = YES;
				CLANG_ENABLE_OBJC_ARC = YES;
				CLANG_WARN_BOOL_CONVERSION = YES;
				CLANG_WARN_CONSTANT_CONVERSION = YES;
				CLANG_WARN_DIRECT_OBJC_ISA_USAGE = YES_ERROR;
				CLANG_WARN_EMPTY_BODY = YES;
				CLANG_WARN_ENUM_CONVERSION = YES;
				CLANG_WARN_INT_CONVERSION = YES;
				CLANG_WARN_OBJC_ROOT_CLASS = YES_ERROR;
				CLANG_WARN_UNREACHABLE_CODE = YES;
				CLANG_WARN__DUPLICATE_METHOD_MATCH = YES;
				"CODE_SIGN_IDENTITY[sdk=iphoneos*]" = "iPhone Developer";
				COPY_PHASE_STRIP = NO;
				DEBUG_INFORMATION_FORMAT = "dwarf-with-dsym";
				ENABLE_NS_ASSERTIONS = NO;
				ENABLE_STRICT_OBJC_MSGSEND = YES;
				GCC_C_LANGUAGE_STANDARD = gnu99;
				GCC_NO_COMMON_BLOCKS = YES;
				GCC_WARN_64_TO_32_BIT_CONVERSION = YES;
				GCC_WARN_ABOUT_RETURN_TYPE = YES_ERROR;
				GCC_WARN_UNDECLARED_SELECTOR = YES;
				GCC_WARN_UNINITIALIZED_AUTOS = YES_AGGRESSIVE;
				GCC_WARN_UNUSED_FUNCTION = YES;
				GCC_WARN_UNUSED_VARIABLE = YES;
				IPHONEOS_DEPLOYMENT_TARGET = 9.2;
				MTL_ENABLE_DEBUG_INFO = NO;
				SDKROOT = iphoneos;
				VALIDATE_PRODUCT = YES;
			};
			name = Release;
		};
		41BAC2D41C5CF93300BBB612 /* Debug */ = {
			isa = XCBuildConfiguration;
			buildSettings = {
				ASSETCATALOG_COMPILER_APPICON_NAME = AppIcon;
				CODE_SIGN_IDENTITY = "iPhone Developer";
				"CODE_SIGN_IDENTITY[sdk=iphoneos*]" = "iPhone Developer";
				INFOPLIST_FILE = ritualgame/Info.plist;
				IPHONEOS_DEPLOYMENT_TARGET = 9.2;
				LD_RUNPATH_SEARCH_PATHS = "$(inherited) @executable_path/Frameworks";
				PRODUCT_BUNDLE_IDENTIFIER = com.5to9studios.ritualgame;
				PRODUCT_NAME = "$(TARGET_NAME)";
				PROVISIONING_PROFILE = "";
				SWIFT_VERSION = 2.3;
			};
			name = Debug;
		};
		41BAC2D51C5CF93300BBB612 /* Release */ = {
			isa = XCBuildConfiguration;
			buildSettings = {
				ASSETCATALOG_COMPILER_APPICON_NAME = AppIcon;
				CODE_SIGN_IDENTITY = "iPhone Developer";
				"CODE_SIGN_IDENTITY[sdk=iphoneos*]" = "iPhone Developer";
				INFOPLIST_FILE = ritualgame/Info.plist;
				IPHONEOS_DEPLOYMENT_TARGET = 9.2;
				LD_RUNPATH_SEARCH_PATHS = "$(inherited) @executable_path/Frameworks";
				PRODUCT_BUNDLE_IDENTIFIER = com.5to9studios.ritualgame;
				PRODUCT_NAME = "$(TARGET_NAME)";
				PROVISIONING_PROFILE = "";
				SWIFT_VERSION = 2.3;
			};
			name = Release;
		};
/* End XCBuildConfiguration section */

/* Begin XCConfigurationList section */
		41BAC2B81C5CF93300BBB612 /* Build configuration list for PBXProject "ritualgame" */ = {
			isa = XCConfigurationList;
			buildConfigurations = (
				41BAC2D11C5CF93300BBB612 /* Debug */,
				41BAC2D21C5CF93300BBB612 /* Release */,
			);
			defaultConfigurationIsVisible = 0;
			defaultConfigurationName = Release;
		};
		41BAC2D31C5CF93300BBB612 /* Build configuration list for PBXNativeTarget "ritualgame" */ = {
			isa = XCConfigurationList;
			buildConfigurations = (
				41BAC2D41C5CF93300BBB612 /* Debug */,
				41BAC2D51C5CF93300BBB612 /* Release */,
			);
			defaultConfigurationIsVisible = 0;
			defaultConfigurationName = Release;
		};
/* End XCConfigurationList section */
	};
	rootObject = 41BAC2B51C5CF93300BBB612 /* Project object */;
}
